
Microsoft Visual Studio Solution File, Format Version 12.00
Project("{FAE04EC0-301F-11D3-BF4B-00C04F79EFBC}") = "LostAndFound", "LostAndFound\LostAndFound.csproj", "{D38A8505-BC68-40D8-9AF6-01C139DBE9AE}"
EndProject
Global
	GlobalSection(SolutionConfigurationPlatforms) = preSolution
		Debug|Any CPU = Debug|Any CPU
		Release|Any CPU = Release|Any CPU
	EndGlobalSection
	GlobalSection(ProjectConfigurationPlatforms) = postSolution
		{D38A8505-BC68-40D8-9AF6-01C139DBE9AE}.Debug|Any CPU.ActiveCfg = Debug|Any CPU
		{D38A8505-BC68-40D8-9AF6-01C139DBE9AE}.Debug|Any CPU.Build.0 = Debug|Any CPU
		{D38A8505-BC68-40D8-9AF6-01C139DBE9AE}.Release|Any CPU.ActiveCfg = Release|Any CPU
		{D38A8505-BC68-40D8-9AF6-01C139DBE9AE}.Release|Any CPU.Build.0 = Release|Any CPU
	EndGlobalSection
EndGlobal
